
Microsoft Visual Studio Solution File, Format Version 12.00
# Visual Studio Version 17
VisualStudioVersion = 17.7.34024.191
MinimumVisualStudioVersion = 10.0.40219.1
Project("{888888A0-9F3D-457C-B088-3A5042F75D52}") = "Tesla-API", "Tesla-API.pyproj", "{BF68F194-2CA5-405A-8181-407DC0061383}"
EndProject
Global
	GlobalSection(SolutionConfigurationPlatforms) = preSolution
		Debug|Any CPU = Debug|Any CPU
		Release|Any CPU = Release|Any CPU
	EndGlobalSection
	GlobalSection(ProjectConfigurationPlatforms) = postSolution
		{BF68F194-2CA5-405A-8181-407DC0061383}.Debug|Any CPU.ActiveCfg = Debug|Any CPU
		{BF68F194-2CA5-405A-8181-407DC0061383}.Release|Any CPU.ActiveCfg = Release|Any CPU
	EndGlobalSection
	GlobalSection(SolutionProperties) = preSolution
		HideSolutionNode = FALSE
	EndGlobalSection
	GlobalSection(ExtensibilityGlobals) = postSolution
		SolutionGuid = {5812E546-D11E-4F49-BAF9-72E0DBA6A166}
	EndGlobalSection
EndGlobal
